
Microsoft Visual Studio Solution File, Format Version 11.00
# Visual Studio 2010
Project("{FAE04EC0-301F-11D3-BF4B-00C04F79EFBC}") = "s3upload", "s3upload\s3upload.csproj", "{E596322B-5C15-4275-921F-5F7432939241}"
EndProject
Global
	GlobalSection(SolutionConfigurationPlatforms) = preSolution
		Debug|x86 = Debug|x86
		Release|x86 = Release|x86
	EndGlobalSection
	GlobalSection(ProjectConfigurationPlatforms) = postSolution
		{E596322B-5C15-4275-921F-5F7432939241}.Debug|x86.ActiveCfg = Debug|x86
		{E596322B-5C15-4275-921F-5F7432939241}.Debug|x86.Build.0 = Debug|x86
		{E596322B-5C15-4275-921F-5F7432939241}.Release|x86.ActiveCfg = Release|x86
		{E596322B-5C15-4275-921F-5F7432939241}.Release|x86.Build.0 = Release|x86
	EndGlobalSection
	GlobalSection(SolutionProperties) = preSolution
		HideSolutionNode = FALSE
	EndGlobalSection
EndGlobal
